{
    "_readme": [
        "This file locks the dependencies of your project to a known state",
        "Read more about it at https://getcomposer.org/doc/01-basic-usage.md#installing-dependencies",
        "This file is @generated automatically"
    ],
    "content-hash": "cd1f997eb66a3b1f72bc287d9159fa84",
    "packages": [
        {
            "name": "phois/whois",
            "version": "dev-master",
            "source": {
                "type": "git",
                "url": "https://github.com/regru/php-whois.git",
                "reference": "1b321ec3551ac54cc790f8a5d7945ff5bc8a916c"
            },
            "dist": {
                "type": "zip",
                "url": "https://api.github.com/repos/regru/php-whois/zipball/1b321ec3551ac54cc790f8a5d7945ff5bc8a916c",
                "reference": "1b321ec3551ac54cc790f8a5d7945ff5bc8a916c",
                "shasum": ""
            },
            "require": {
                "ext-curl": "*",
                "php": ">=5.3.2"
            },
            "default-branch": true,
            "type": "library",
            "autoload": {
                "psr-0": {
                    "Phois\\Whois": "src"
                }
            },
            "notification-url": "https://packagist.org/downloads/",
            "license": [
                "MIT"
            ],
            "authors": [
                {
                    "name": "David Rivera",
                    "email": "David.R.Rivera193@gmail.com",
                    "homepage": "http://www.protodx.com",
                    "role": "Systems Developer"
                }
            ],
            "description": "Whois client.",
            "keywords": [
                "whois"
            ],
            "support": {
                "issues": "https://github.com/regru/php-whois/issues",
                "source": "https://github.com/regru/php-whois/tree/master"
            },
            "time": "2016-06-16T06:23:22+00:00"
        }
    ],
    "packages-dev": [],
    "aliases": [],
    "minimum-stability": "dev",
    "stability-flags": {
        "phois/whois": 20
    },
    "prefer-stable": false,
    "prefer-lowest": false,
    "platform": [],
    "platform-dev": [],
    "plugin-api-version": "2.2.0"
}
